
Microsoft Visual Studio Solution File, Format Version 12.00
# Visual Studio 15
VisualStudioVersion = 15.0.28307.1433
MinimumVisualStudioVersion = 10.0.40219.1
Project("{FAE04EC0-301F-11D3-BF4B-00C04F79EFBC}") = "DAMH", "demo1\DAMH.csproj", "{A53DE28E-9E52-4696-BA99-91332F5F87CD}"
EndProject
Global
	GlobalSection(SolutionConfigurationPlatforms) = preSolution
		Debug|Any CPU = Debug|Any CPU
		Release|Any CPU = Release|Any CPU
	EndGlobalSection
	GlobalSection(ProjectConfigurationPlatforms) = postSolution
		{A53DE28E-9E52-4696-BA99-91332F5F87CD}.Debug|Any CPU.ActiveCfg = Debug|Any CPU
		{A53DE28E-9E52-4696-BA99-91332F5F87CD}.Debug|Any CPU.Build.0 = Debug|Any CPU
		{A53DE28E-9E52-4696-BA99-91332F5F87CD}.Release|Any CPU.ActiveCfg = Release|Any CPU
		{A53DE28E-9E52-4696-BA99-91332F5F87CD}.Release|Any CPU.Build.0 = Release|Any CPU
	EndGlobalSection
	GlobalSection(SolutionProperties) = preSolution
		HideSolutionNode = FALSE
	EndGlobalSection
	GlobalSection(ExtensibilityGlobals) = postSolution
		SolutionGuid = {EC335F09-E362-4A43-B05C-6A1DC826984B}
	EndGlobalSection
EndGlobal
